// !$*UTF8*$!
{
	archiveVersion = 1;
	classes = {
	};
	objectVersion = 56;
	objects = {

/* Begin PBXBuildFile section */
		7820211B2BD0F40D00EC8572 /* AppDelegate.swift in Sources */ = {isa = PBXBuildFile; fileRef = 7820211A2BD0F40D00EC8572 /* AppDelegate.swift */; };
		7820211D2BD0F40D00EC8572 /* SceneDelegate.swift in Sources */ = {isa = PBXBuildFile; fileRef = 7820211C2BD0F40D00EC8572 /* SceneDelegate.swift */; };
		7820211F2BD0F40D00EC8572 /* ViewController.swift in Sources */ = {isa = PBXBuildFile; fileRef = 7820211E2BD0F40D00EC8572 /* ViewController.swift */; };
		782021222BD0F40D00EC8572 /* Main.storyboard in Resources */ = {isa = PBXBuildFile; fileRef = 782021202BD0F40D00EC8572 /* Main.storyboard */; };
		782021252BD0F40D00EC8572 /* WishListProject.xcdatamodeld in Sources */ = {isa = PBXBuildFile; fileRef = 782021232BD0F40D00EC8572 /* WishListProject.xcdatamodeld */; };
		782021272BD0F40E00EC8572 /* Assets.xcassets in Resources */ = {isa = PBXBuildFile; fileRef = 782021262BD0F40E00EC8572 /* Assets.xcassets */; };
		7820212A2BD0F40E00EC8572 /* LaunchScreen.storyboard in Resources */ = {isa = PBXBuildFile; fileRef = 782021282BD0F40E00EC8572 /* LaunchScreen.storyboard */; };
		782021322BD10D4F00EC8572 /* .gitignore in Resources */ = {isa = PBXBuildFile; fileRef = 782021312BD10D4F00EC8572 /* .gitignore */; };
/* End PBXBuildFile section */

/* Begin PBXFileReference section */
		782021172BD0F40D00EC8572 /* WishListProject.app */ = {isa = PBXFileReference; explicitFileType = wrapper.application; includeInIndex = 0; path = WishListProject.app; sourceTree = BUILT_PRODUCTS_DIR; };
		7820211A2BD0F40D00EC8572 /* AppDelegate.swift */ = {isa = PBXFileReference; lastKnownFileType = sourcecode.swift; path = AppDelegate.swift; sourceTree = "<group>"; };
		7820211C2BD0F40D00EC8572 /* SceneDelegate.swift */ = {isa = PBXFileReference; lastKnownFileType = sourcecode.swift; path = SceneDelegate.swift; sourceTree = "<group>"; };
		7820211E2BD0F40D00EC8572 /* ViewController.swift */ = {isa = PBXFileReference; lastKnownFileType = sourcecode.swift; path = ViewController.swift; sourceTree = "<group>"; };
		782021212BD0F40D00EC8572 /* Base */ = {isa = PBXFileReference; lastKnownFileType = file.storyboard; name = Base; path = Base.lproj/Main.storyboard; sourceTree = "<group>"; };
		782021242BD0F40D00EC8572 /* WishListProject.xcdatamodel */ = {isa = PBXFileReference; lastKnownFileType = wrapper.xcdatamodel; path = WishListProject.xcdatamodel; sourceTree = "<group>"; };
		782021262BD0F40E00EC8572 /* Assets.xcassets */ = {isa = PBXFileReference; lastKnownFileType = folder.assetcatalog; path = Assets.xcassets; sourceTree = "<group>"; };
		782021292BD0F40E00EC8572 /* Base */ = {isa = PBXFileReference; lastKnownFileType = file.storyboard; name = Base; path = Base.lproj/LaunchScreen.storyboard; sourceTree = "<group>"; };
		7820212B2BD0F40E00EC8572 /* Info.plist */ = {isa = PBXFileReference; lastKnownFileType = text.plist.xml; path = Info.plist; sourceTree = "<group>"; };
		782021312BD10D4F00EC8572 /* .gitignore */ = {isa = PBXFileReference; lastKnownFileType = text; path = .gitignore; sourceTree = "<group>"; };
/* End PBXFileReference section */

/* Begin PBXFrameworksBuildPhase section */
		782021142BD0F40D00EC8572 /* Frameworks */ = {
			isa = PBXFrameworksBuildPhase;
			buildActionMask = 2147483647;
			files = (
			);
			runOnlyForDeploymentPostprocessing = 0;
		};
/* End PBXFrameworksBuildPhase section */

/* Begin PBXGroup section */
		7820210E2BD0F40D00EC8572 = {
			isa = PBXGroup;
			children = (
				782021312BD10D4F00EC8572 /* .gitignore */,
				782021192BD0F40D00EC8572 /* WishListProject */,
				782021182BD0F40D00EC8572 /* Products */,
			);
			sourceTree = "<group>";
		};
		782021182BD0F40D00EC8572 /* Products */ = {
			isa = PBXGroup;
			children = (
				782021172BD0F40D00EC8572 /* WishListProject.app */,
			);
			name = Products;
			sourceTree = "<group>";
		};
		782021192BD0F40D00EC8572 /* WishListProject */ = {
			isa = PBXGroup;
			children = (
				7820211A2BD0F40D00EC8572 /* AppDelegate.swift */,
				7820211C2BD0F40D00EC8572 /* SceneDelegate.swift */,
				7820211E2BD0F40D00EC8572 /* ViewController.swift */,
				782021202BD0F40D00EC8572 /* Main.storyboard */,
				782021262BD0F40E00EC8572 /* Assets.xcassets */,
				782021282BD0F40E00EC8572 /* LaunchScreen.storyboard */,
				7820212B2BD0F40E00EC8572 /* Info.plist */,
				782021232BD0F40D00EC8572 /* WishListProject.xcdatamodeld */,
			);
			path = WishListProject;
			sourceTree = "<group>";
		};
/* End PBXGroup section */

/* Begin PBXNativeTarget section */
		782021162BD0F40D00EC8572 /* WishListProject */ = {
			isa = PBXNativeTarget;
			buildConfigurationList = 7820212E2BD0F40E00EC8572 /* Build configuration list for PBXNativeTarget "WishListProject" */;
			buildPhases = (
				782021132BD0F40D00EC8572 /* Sources */,
				782021142BD0F40D00EC8572 /* Frameworks */,
				782021152BD0F40D00EC8572 /* Resources */,
			);
			buildRules = (
			);
			dependencies = (
			);
			name = WishListProject;
			productName = WishListProject;
			productReference = 782021172BD0F40D00EC8572 /* WishListProject.app */;
			productType = "com.apple.product-type.application";
		};
/* End PBXNativeTarget section */

/* Begin PBXProject section */
		7820210F2BD0F40D00EC8572 /* Project object */ = {
			isa = PBXProject;
			attributes = {
				BuildIndependentTargetsInParallel = 1;
				LastSwiftUpdateCheck = 1520;
				LastUpgradeCheck = 1520;
				TargetAttributes = {
					782021162BD0F40D00EC8572 = {
						CreatedOnToolsVersion = 15.2;
					};
				};
			};
			buildConfigurationList = 782021122BD0F40D00EC8572 /* Build configuration list for PBXProject "WishListProject" */;
			compatibilityVersion = "Xcode 14.0";
			developmentRegion = en;
			hasScannedForEncodings = 0;
			knownRegions = (
				en,
				Base,
			);
			mainGroup = 7820210E2BD0F40D00EC8572;
			productRefGroup = 782021182BD0F40D00EC8572 /* Products */;
			projectDirPath = "";
			projectRoot = "";
			targets = (
				782021162BD0F40D00EC8572 /* WishListProject */,
			);
		};
/* End PBXProject section */

/* Begin PBXResourcesBuildPhase section */
		782021152BD0F40D00EC8572 /* Resources */ = {
			isa = PBXResourcesBuildPhase;
			buildActionMask = 2147483647;
			files = (
				782021322BD10D4F00EC8572 /* .gitignore in Resources */,
				7820212A2BD0F40E00EC8572 /* LaunchScreen.storyboard in Resources */,
				782021272BD0F40E00EC8572 /* Assets.xcassets in Resources */,
				782021222BD0F40D00EC8572 /* Main.storyboard in Resources */,
			);
			runOnlyForDeploymentPostprocessing = 0;
		};
/* End PBXResourcesBuildPhase section */

/* Begin PBXSourcesBuildPhase section */
		782021132BD0F40D00EC8572 /* Sources */ = {
			isa = PBXSourcesBuildPhase;
			buildActionMask = 2147483647;
			files = (
				7820211F2BD0F40D00EC8572 /* ViewController.swift in Sources */,
				7820211B2BD0F40D00EC8572 /* AppDelegate.swift in Sources */,
				782021252BD0F40D00EC8572 /* WishListProject.xcdatamodeld in Sources */,
				7820211D2BD0F40D00EC8572 /* SceneDelegate.swift in Sources */,
			);
			runOnlyForDeploymentPostprocessing = 0;
		};
/* End PBXSourcesBuildPhase section */

/* Begin PBXVariantGroup section */
		782021202BD0F40D00EC8572 /* Main.storyboard */ = {
			isa = PBXVariantGroup;
			children = (
				782021212BD0F40D00EC8572 /* Base */,
			);
			name = Main.storyboard;
			sourceTree = "<group>";
		};
		782021282BD0F40E00EC8572 /* LaunchScreen.storyboard */ = {
			isa = PBXVariantGroup;
			children = (
				782021292BD0F40E00EC8572 /* Base */,
			);
			name = LaunchScreen.storyboard;
			sourceTree = "<group>";
		};
/* End PBXVariantGroup section */

/* Begin XCBuildConfiguration section */
		7820212C2BD0F40E00EC8572 /* Debug */ = {
			isa = XCBuildConfiguration;
			buildSettings = {
				ALWAYS_SEARCH_USER_PATHS = NO;
				ASSETCATALOG_COMPILER_GENERATE_SWIFT_ASSET_SYMBOL_EXTENSIONS = YES;
				CLANG_ANALYZER_NONNULL = YES;
				CLANG_ANALYZER_NUMBER_OBJECT_CONVERSION = YES_AGGRESSIVE;
				CLANG_CXX_LANGUAGE_STANDARD = "gnu++20";
				CLANG_ENABLE_MODULES = YES;
				CLANG_ENABLE_OBJC_ARC = YES;
				CLANG_ENABLE_OBJC_WEAK = YES;
				CLANG_WARN_BLOCK_CAPTURE_AUTORELEASING = YES;
				CLANG_WARN_BOOL_CONVERSION = YES;
				CLANG_WARN_COMMA = YES;
				CLANG_WARN_CONSTANT_CONVERSION = YES;
				CLANG_WARN_DEPRECATED_OBJC_IMPLEMENTATIONS = YES;
				CLANG_WARN_DIRECT_OBJC_ISA_USAGE = YES_ERROR;
				CLANG_WARN_DOCUMENTATION_COMMENTS = YES;
				CLANG_WARN_EMPTY_BODY = YES;
				CLANG_WARN_ENUM_CONVERSION = YES;
				CLANG_WARN_INFINITE_RECURSION = YES;
				CLANG_WARN_INT_CONVERSION = YES;
				CLANG_WARN_NON_LITERAL_NULL_CONVERSION = YES;
				CLANG_WARN_OBJC_IMPLICIT_RETAIN_SELF = YES;
				CLANG_WARN_OBJC_LITERAL_CONVERSION = YES;
				CLANG_WARN_OBJC_ROOT_CLASS = YES_ERROR;
				CLANG_WARN_QUOTED_INCLUDE_IN_FRAMEWORK_HEADER = YES;
				CLANG_WARN_RANGE_LOOP_ANALYSIS = YES;
				CLANG_WARN_STRICT_PROTOTYPES = YES;
				CLANG_WARN_SUSPICIOUS_MOVE = YES;
				CLANG_WARN_UNGUARDED_AVAILABILITY = YES_AGGRESSIVE;
				CLANG_WARN_UNREACHABLE_CODE = YES;
				CLANG_WARN__DUPLICATE_METHOD_MATCH = YES;
				COPY_PHASE_STRIP = NO;
				DEBUG_INFORMATION_FORMAT = dwarf;
				ENABLE_STRICT_OBJC_MSGSEND = YES;
				ENABLE_TESTABILITY = YES;
				ENABLE_USER_SCRIPT_SANDBOXING = YES;
				GCC_C_LANGUAGE_STANDARD = gnu17;
				GCC_DYNAMIC_NO_PIC = NO;
				GCC_NO_COMMON_BLOCKS = YES;
				GCC_OPTIMIZATION_LEVEL = 0;
				GCC_PREPROCESSOR_DEFINITIONS = (
					"DEBUG=1",
					"$(inherited)",
				);
				GCC_WARN_64_TO_32_BIT_CONVERSION = YES;
				GCC_WARN_ABOUT_RETURN_TYPE = YES_ERROR;
				GCC_WARN_UNDECLARED_SELECTOR = YES;
				GCC_WARN_UNINITIALIZED_AUTOS = YES_AGGRESSIVE;
				GCC_WARN_UNUSED_FUNCTION = YES;
				GCC_WARN_UNUSED_VARIABLE = YES;
				IPHONEOS_DEPLOYMENT_TARGET = 17.2;
				LOCALIZATION_PREFERS_STRING_CATALOGS = YES;
				MTL_ENABLE_DEBUG_INFO = INCLUDE_SOURCE;
				MTL_FAST_MATH = YES;
				ONLY_ACTIVE_ARCH = YES;
				SDKROOT = iphoneos;
				SWIFT_ACTIVE_COMPILATION_CONDITIONS = "DEBUG $(inherited)";
				SWIFT_OPTIMIZATION_LEVEL = "-Onone";
			};
			name = Debug;
		};
		7820212D2BD0F40E00EC8572 /* Release */ = {
			isa = XCBuildConfiguration;
			buildSettings = {
				ALWAYS_SEARCH_USER_PATHS = NO;
				ASSETCATALOG_COMPILER_GENERATE_SWIFT_ASSET_SYMBOL_EXTENSIONS = YES;
				CLANG_ANALYZER_NONNULL = YES;
				CLANG_ANALYZER_NUMBER_OBJECT_CONVERSION = YES_AGGRESSIVE;
				CLANG_CXX_LANGUAGE_STANDARD = "gnu++20";
				CLANG_ENABLE_MODULES = YES;
				CLANG_ENABLE_OBJC_ARC = YES;
				CLANG_ENABLE_OBJC_WEAK = YES;
				CLANG_WARN_BLOCK_CAPTURE_AUTORELEASING = YES;
				CLANG_WARN_BOOL_CONVERSION = YES;
				CLANG_WARN_COMMA = YES;
				CLANG_WARN_CONSTANT_CONVERSION = YES;
				CLANG_WARN_DEPRECATED_OBJC_IMPLEMENTATIONS = YES;
				CLANG_WARN_DIRECT_OBJC_ISA_USAGE = YES_ERROR;
				CLANG_WARN_DOCUMENTATION_COMMENTS = YES;
				CLANG_WARN_EMPTY_BODY = YES;
				CLANG_WARN_ENUM_CONVERSION = YES;
				CLANG_WARN_INFINITE_RECURSION = YES;
				CLANG_WARN_INT_CONVERSION = YES;
				CLANG_WARN_NON_LITERAL_NULL_CONVERSION = YES;
				CLANG_WARN_OBJC_IMPLICIT_RETAIN_SELF = YES;
				CLANG_WARN_OBJC_LITERAL_CONVERSION = YES;
				CLANG_WARN_OBJC_ROOT_CLASS = YES_ERROR;
				CLANG_WARN_QUOTED_INCLUDE_IN_FRAMEWORK_HEADER = YES;
				CLANG_WARN_RANGE_LOOP_ANALYSIS = YES;
				CLANG_WARN_STRICT_PROTOTYPES = YES;
				CLANG_WARN_SUSPICIOUS_MOVE = YES;
				CLANG_WARN_UNGUARDED_AVAILABILITY = YES_AGGRESSIVE;
				CLANG_WARN_UNREACHABLE_CODE = YES;
				CLANG_WARN__DUPLICATE_METHOD_MATCH = YES;
				COPY_PHASE_STRIP = NO;
				DEBUG_INFORMATION_FORMAT = "dwarf-with-dsym";
				ENABLE_NS_ASSERTIONS = NO;
				ENABLE_STRICT_OBJC_MSGSEND = YES;
				ENABLE_USER_SCRIPT_SANDBOXING = YES;
				GCC_C_LANGUAGE_STANDARD = gnu17;
				GCC_NO_COMMON_BLOCKS = YES;
				GCC_WARN_64_TO_32_BIT_CONVERSION = YES;
				GCC_WARN_ABOUT_RETURN_TYPE = YES_ERROR;
				GCC_WARN_UNDECLARED_SELECTOR = YES;
				GCC_WARN_UNINITIALIZED_AUTOS = YES_AGGRESSIVE;
				GCC_WARN_UNUSED_FUNCTION = YES;
				GCC_WARN_UNUSED_VARIABLE = YES;
				IPHONEOS_DEPLOYMENT_TARGET = 17.2;
				LOCALIZATION_PREFERS_STRING_CATALOGS = YES;
				MTL_ENABLE_DEBUG_INFO = NO;
				MTL_FAST_MATH = YES;
				SDKROOT = iphoneos;
				SWIFT_COMPILATION_MODE = wholemodule;
				VALIDATE_PRODUCT = YES;
			};
			name = Release;
		};
		7820212F2BD0F40E00EC8572 /* Debug */ = {
			isa = XCBuildConfiguration;
			buildSettings = {
				ASSETCATALOG_COMPILER_APPICON_NAME = AppIcon;
				ASSETCATALOG_COMPILER_GLOBAL_ACCENT_COLOR_NAME = AccentColor;
				CODE_SIGN_STYLE = Automatic;
				CURRENT_PROJECT_VERSION = 1;
				GENERATE_INFOPLIST_FILE = YES;
				INFOPLIST_FILE = WishListProject/Info.plist;
				INFOPLIST_KEY_UIApplicationSupportsIndirectInputEvents = YES;
				INFOPLIST_KEY_UILaunchStoryboardName = LaunchScreen;
				INFOPLIST_KEY_UIMainStoryboardFile = Main;
				INFOPLIST_KEY_UISupportedInterfaceOrientations_iPad = "UIInterfaceOrientationPortrait UIInterfaceOrientationPortraitUpsideDown UIInterfaceOrientationLandscapeLeft UIInterfaceOrientationLandscapeRight";
				INFOPLIST_KEY_UISupportedInterfaceOrientations_iPhone = "UIInterfaceOrientationPortrait UIInterfaceOrientationLandscapeLeft UIInterfaceOrientationLandscapeRight";
				LD_RUNPATH_SEARCH_PATHS = (
					"$(inherited)",
					"@executable_path/Frameworks",
				);
				MARKETING_VERSION = 1.0;
				PRODUCT_BUNDLE_IDENTIFIER = ahyeon.WishListProject;
				PRODUCT_NAME = "$(TARGET_NAME)";
				SWIFT_EMIT_LOC_STRINGS = YES;
				SWIFT_VERSION = 5.0;
				TARGETED_DEVICE_FAMILY = "1,2";
			};
			name = Debug;
		};
		782021302BD0F40E00EC8572 /* Release */ = {
			isa = XCBuildConfiguration;
			buildSettings = {
				ASSETCATALOG_COMPILER_APPICON_NAME = AppIcon;
				ASSETCATALOG_COMPILER_GLOBAL_ACCENT_COLOR_NAME = AccentColor;
				CODE_SIGN_STYLE = Automatic;
				CURRENT_PROJECT_VERSION = 1;
				GENERATE_INFOPLIST_FILE = YES;
				INFOPLIST_FILE = WishListProject/Info.plist;
				INFOPLIST_KEY_UIApplicationSupportsIndirectInputEvents = YES;
				INFOPLIST_KEY_UILaunchStoryboardName = LaunchScreen;
				INFOPLIST_KEY_UIMainStoryboardFile = Main;
				INFOPLIST_KEY_UISupportedInterfaceOrientations_iPad = "UIInterfaceOrientationPortrait UIInterfaceOrientationPortraitUpsideDown UIInterfaceOrientationLandscapeLeft UIInterfaceOrientationLandscapeRight";
				INFOPLIST_KEY_UISupportedInterfaceOrientations_iPhone = "UIInterfaceOrientationPortrait UIInterfaceOrientationLandscapeLeft UIInterfaceOrientationLandscapeRight";
				LD_RUNPATH_SEARCH_PATHS = (
					"$(inherited)",
					"@executable_path/Frameworks",
				);
				MARKETING_VERSION = 1.0;
				PRODUCT_BUNDLE_IDENTIFIER = ahyeon.WishListProject;
				PRODUCT_NAME = "$(TARGET_NAME)";
				SWIFT_EMIT_LOC_STRINGS = YES;
				SWIFT_VERSION = 5.0;
				TARGETED_DEVICE_FAMILY = "1,2";
			};
			name = Release;
		};
/* End XCBuildConfiguration section */

/* Begin XCConfigurationList section */
		782021122BD0F40D00EC8572 /* Build configuration list for PBXProject "WishListProject" */ = {
			isa = XCConfigurationList;
			buildConfigurations = (
				7820212C2BD0F40E00EC8572 /* Debug */,
				7820212D2BD0F40E00EC8572 /* Release */,
			);
			defaultConfigurationIsVisible = 0;
			defaultConfigurationName = Release;
		};
		7820212E2BD0F40E00EC8572 /* Build configuration list for PBXNativeTarget "WishListProject" */ = {
			isa = XCConfigurationList;
			buildConfigurations = (
				7820212F2BD0F40E00EC8572 /* Debug */,
				782021302BD0F40E00EC8572 /* Release */,
			);
			defaultConfigurationIsVisible = 0;
			defaultConfigurationName = Release;
		};
/* End XCConfigurationList section */

/* Begin XCVersionGroup section */
		782021232BD0F40D00EC8572 /* WishListProject.xcdatamodeld */ = {
			isa = XCVersionGroup;
			children = (
				782021242BD0F40D00EC8572 /* WishListProject.xcdatamodel */,
			);
			currentVersion = 782021242BD0F40D00EC8572 /* WishListProject.xcdatamodel */;
			path = WishListProject.xcdatamodeld;
			sourceTree = "<group>";
			versionGroupType = wrapper.xcdatamodel;
		};
/* End XCVersionGroup section */
	};
	rootObject = 7820210F2BD0F40D00EC8572 /* Project object */;
}
